
Microsoft Visual Studio Solution File, Format Version 12.00
# Visual Studio Version 17
VisualStudioVersion = 17.0.31808.319
MinimumVisualStudioVersion = 10.0.40219.1
Project("{FAE04EC0-301F-11D3-BF4B-00C04F79EFBC}") = "Transaction", "Lesson3\Transaction.csproj", "{58B098BA-72A1-4ED5-9C2D-4000C82F94AB}"
EndProject
Global
	GlobalSection(SolutionConfigurationPlatforms) = preSolution
		Debug|Any CPU = Debug|Any CPU
		Release|Any CPU = Release|Any CPU
	EndGlobalSection
	GlobalSection(ProjectConfigurationPlatforms) = postSolution
		{58B098BA-72A1-4ED5-9C2D-4000C82F94AB}.Debug|Any CPU.ActiveCfg = Debug|Any CPU
		{58B098BA-72A1-4ED5-9C2D-4000C82F94AB}.Debug|Any CPU.Build.0 = Debug|Any CPU
		{58B098BA-72A1-4ED5-9C2D-4000C82F94AB}.Release|Any CPU.ActiveCfg = Release|Any CPU
		{58B098BA-72A1-4ED5-9C2D-4000C82F94AB}.Release|Any CPU.Build.0 = Release|Any CPU
	EndGlobalSection
	GlobalSection(SolutionProperties) = preSolution
		HideSolutionNode = FALSE
	EndGlobalSection
	GlobalSection(ExtensibilityGlobals) = postSolution
		SolutionGuid = {A8AD3C0F-5AAB-47AA-8068-219B9010E50B}
	EndGlobalSection
EndGlobal
